
Microsoft Visual Studio Solution File, Format Version 12.00
# Visual Studio Version 16
VisualStudioVersion = 16.0.30611.23
MinimumVisualStudioVersion = 10.0.40219.1
Project("{FAE04EC0-301F-11D3-BF4B-00C04F79EFBC}") = "DeigCrud", "DeigCrud.csproj", "{95E5A669-F01F-42B3-99C4-2C7F8D5FA791}"
EndProject
Global
	GlobalSection(SolutionConfigurationPlatforms) = preSolution
		Debug|Any CPU = Debug|Any CPU
		Release|Any CPU = Release|Any CPU
	EndGlobalSection
	GlobalSection(ProjectConfigurationPlatforms) = postSolution
		{95E5A669-F01F-42B3-99C4-2C7F8D5FA791}.Debug|Any CPU.ActiveCfg = Debug|Any CPU
		{95E5A669-F01F-42B3-99C4-2C7F8D5FA791}.Debug|Any CPU.Build.0 = Debug|Any CPU
		{95E5A669-F01F-42B3-99C4-2C7F8D5FA791}.Release|Any CPU.ActiveCfg = Release|Any CPU
		{95E5A669-F01F-42B3-99C4-2C7F8D5FA791}.Release|Any CPU.Build.0 = Release|Any CPU
	EndGlobalSection
	GlobalSection(SolutionProperties) = preSolution
		HideSolutionNode = FALSE
	EndGlobalSection
	GlobalSection(ExtensibilityGlobals) = postSolution
		SolutionGuid = {481763BE-627C-4C45-B74A-316AA8D1C9FA}
	EndGlobalSection
EndGlobal
